// !$*UTF8*$!
{
	archiveVersion = 1;
	classes = {
	};
	objectVersion = 46;
	objects = {

/* Begin PBXBuildFile section */
		4DA37A901A50932E00B3EB2B /* Generator.cpp in Sources */ = {isa = PBXBuildFile; fileRef = 4DCE2CEB1A2E138000A1F5F8 /* Generator.cpp */; };
		4DB094551A509801005872DE /* OpenGLOverrider.cpp in Sources */ = {isa = PBXBuildFile; fileRef = 4DB094541A509801005872DE /* OpenGLOverrider.cpp */; };
		4DCE2CE11A2E124800A1F5F8 /* decode.c in Sources */ = {isa = PBXBuildFile; fileRef = 4DCE2CCD1A2E124800A1F5F8 /* decode.c */; };
		4DCE2CE21A2E124800A1F5F8 /* input.c in Sources */ = {isa = PBXBuildFile; fileRef = 4DCE2CD01A2E124800A1F5F8 /* input.c */; };
		4DCE2CE31A2E124800A1F5F8 /* itab.c in Sources */ = {isa = PBXBuildFile; fileRef = 4DCE2CD21A2E124800A1F5F8 /* itab.c */; };
		4DCE2CE41A2E124800A1F5F8 /* syn-att.c in Sources */ = {isa = PBXBuildFile; fileRef = 4DCE2CD41A2E124800A1F5F8 /* syn-att.c */; };
		4DCE2CE51A2E124800A1F5F8 /* syn-intel.c in Sources */ = {isa = PBXBuildFile; fileRef = 4DCE2CD51A2E124800A1F5F8 /* syn-intel.c */; };
		4DCE2CE61A2E124800A1F5F8 /* syn.c in Sources */ = {isa = PBXBuildFile; fileRef = 4DCE2CD61A2E124800A1F5F8 /* syn.c */; };
		4DCE2CE71A2E124800A1F5F8 /* udis86.c in Sources */ = {isa = PBXBuildFile; fileRef = 4DCE2CDA1A2E124800A1F5F8 /* udis86.c */; };
		4DCE2CE81A2E124800A1F5F8 /* Loader.cpp in Sources */ = {isa = PBXBuildFile; fileRef = 4DCE2CDC1A2E124800A1F5F8 /* Loader.cpp */; };
		4DCE2CE91A2E124800A1F5F8 /* mach_override.c in Sources */ = {isa = PBXBuildFile; fileRef = 4DCE2CDD1A2E124800A1F5F8 /* mach_override.c */; };
		4DCE2CEF1A2E1F5800A1F5F8 /* OpenGL.framework in Frameworks */ = {isa = PBXBuildFile; fileRef = 4DCE2CEE1A2E1F5800A1F5F8 /* OpenGL.framework */; };
/* End PBXBuildFile section */

/* Begin PBXCopyFilesBuildPhase section */
		4DA37A871A50932000B3EB2B /* CopyFiles */ = {
			isa = PBXCopyFilesBuildPhase;
			buildActionMask = 2147483647;
			dstPath = /usr/share/man/man1/;
			dstSubfolderSpec = 0;
			files = (
			);
			runOnlyForDeploymentPostprocessing = 1;
		};
/* End PBXCopyFilesBuildPhase section */

/* Begin PBXFileReference section */
		4DA37A891A50932000B3EB2B /* Generator */ = {isa = PBXFileReference; explicitFileType = "compiled.mach-o.executable"; includeInIndex = 0; path = Generator; sourceTree = BUILT_PRODUCTS_DIR; };
		4DB094541A509801005872DE /* OpenGLOverrider.cpp */ = {isa = PBXFileReference; fileEncoding = 4; lastKnownFileType = sourcecode.cpp.cpp; path = OpenGLOverrider.cpp; sourceTree = "<group>"; };
		4DCE2CCD1A2E124800A1F5F8 /* decode.c */ = {isa = PBXFileReference; fileEncoding = 4; lastKnownFileType = sourcecode.c.c; path = decode.c; sourceTree = "<group>"; };
		4DCE2CCE1A2E124800A1F5F8 /* decode.h */ = {isa = PBXFileReference; fileEncoding = 4; lastKnownFileType = sourcecode.c.h; path = decode.h; sourceTree = "<group>"; };
		4DCE2CCF1A2E124800A1F5F8 /* extern.h */ = {isa = PBXFileReference; fileEncoding = 4; lastKnownFileType = sourcecode.c.h; path = extern.h; sourceTree = "<group>"; };
		4DCE2CD01A2E124800A1F5F8 /* input.c */ = {isa = PBXFileReference; fileEncoding = 4; lastKnownFileType = sourcecode.c.c; path = input.c; sourceTree = "<group>"; };
		4DCE2CD11A2E124800A1F5F8 /* input.h */ = {isa = PBXFileReference; fileEncoding = 4; lastKnownFileType = sourcecode.c.h; path = input.h; sourceTree = "<group>"; };
		4DCE2CD21A2E124800A1F5F8 /* itab.c */ = {isa = PBXFileReference; fileEncoding = 4; lastKnownFileType = sourcecode.c.c; path = itab.c; sourceTree = "<group>"; };
		4DCE2CD31A2E124800A1F5F8 /* itab.h */ = {isa = PBXFileReference; fileEncoding = 4; lastKnownFileType = sourcecode.c.h; path = itab.h; sourceTree = "<group>"; };
		4DCE2CD41A2E124800A1F5F8 /* syn-att.c */ = {isa = PBXFileReference; fileEncoding = 4; lastKnownFileType = sourcecode.c.c; path = "syn-att.c"; sourceTree = "<group>"; };
		4DCE2CD51A2E124800A1F5F8 /* syn-intel.c */ = {isa = PBXFileReference; fileEncoding = 4; lastKnownFileType = sourcecode.c.c; path = "syn-intel.c"; sourceTree = "<group>"; };
		4DCE2CD61A2E124800A1F5F8 /* syn.c */ = {isa = PBXFileReference; fileEncoding = 4; lastKnownFileType = sourcecode.c.c; path = syn.c; sourceTree = "<group>"; };
		4DCE2CD71A2E124800A1F5F8 /* syn.h */ = {isa = PBXFileReference; fileEncoding = 4; lastKnownFileType = sourcecode.c.h; path = syn.h; sourceTree = "<group>"; };
		4DCE2CD81A2E124800A1F5F8 /* types.h */ = {isa = PBXFileReference; fileEncoding = 4; lastKnownFileType = sourcecode.c.h; path = types.h; sourceTree = "<group>"; };
		4DCE2CD91A2E124800A1F5F8 /* udint.h */ = {isa = PBXFileReference; fileEncoding = 4; lastKnownFileType = sourcecode.c.h; path = udint.h; sourceTree = "<group>"; };
		4DCE2CDA1A2E124800A1F5F8 /* udis86.c */ = {isa = PBXFileReference; fileEncoding = 4; lastKnownFileType = sourcecode.c.c; path = udis86.c; sourceTree = "<group>"; };
		4DCE2CDB1A2E124800A1F5F8 /* udis86.h */ = {isa = PBXFileReference; fileEncoding = 4; lastKnownFileType = sourcecode.c.h; path = udis86.h; sourceTree = "<group>"; };
		4DCE2CDC1A2E124800A1F5F8 /* Loader.cpp */ = {isa = PBXFileReference; fileEncoding = 4; lastKnownFileType = sourcecode.cpp.cpp; path = Loader.cpp; sourceTree = "<group>"; };
		4DCE2CDD1A2E124800A1F5F8 /* mach_override.c */ = {isa = PBXFileReference; fileEncoding = 4; lastKnownFileType = sourcecode.c.c; path = mach_override.c; sourceTree = "<group>"; };
		4DCE2CDE1A2E124800A1F5F8 /* mach_override.h */ = {isa = PBXFileReference; fileEncoding = 4; lastKnownFileType = sourcecode.c.h; path = mach_override.h; sourceTree = "<group>"; };
		4DCE2CEB1A2E138000A1F5F8 /* Generator.cpp */ = {isa = PBXFileReference; lastKnownFileType = sourcecode.cpp.cpp; path = Generator.cpp; sourceTree = "<group>"; };
		4DCE2CEE1A2E1F5800A1F5F8 /* OpenGL.framework */ = {isa = PBXFileReference; lastKnownFileType = wrapper.framework; name = OpenGL.framework; path = System/Library/Frameworks/OpenGL.framework; sourceTree = SDKROOT; };
		4DDE7A661A2E11360037056A /* OpenGLFileLogger.bundle */ = {isa = PBXFileReference; explicitFileType = wrapper.cfbundle; includeInIndex = 0; path = OpenGLFileLogger.bundle; sourceTree = BUILT_PRODUCTS_DIR; };
		4DDE7A6A1A2E11360037056A /* Info.plist */ = {isa = PBXFileReference; lastKnownFileType = text.plist.xml; path = Info.plist; sourceTree = "<group>"; };
/* End PBXFileReference section */

/* Begin PBXFrameworksBuildPhase section */
		4DA37A861A50932000B3EB2B /* Frameworks */ = {
			isa = PBXFrameworksBuildPhase;
			buildActionMask = 2147483647;
			files = (
			);
			runOnlyForDeploymentPostprocessing = 0;
		};
		4DDE7A631A2E11360037056A /* Frameworks */ = {
			isa = PBXFrameworksBuildPhase;
			buildActionMask = 2147483647;
			files = (
				4DCE2CEF1A2E1F5800A1F5F8 /* OpenGL.framework in Frameworks */,
			);
			runOnlyForDeploymentPostprocessing = 0;
		};
/* End PBXFrameworksBuildPhase section */

/* Begin PBXGroup section */
		4DCE2CCC1A2E124800A1F5F8 /* libudis86 */ = {
			isa = PBXGroup;
			children = (
				4DCE2CCD1A2E124800A1F5F8 /* decode.c */,
				4DCE2CCE1A2E124800A1F5F8 /* decode.h */,
				4DCE2CCF1A2E124800A1F5F8 /* extern.h */,
				4DCE2CD01A2E124800A1F5F8 /* input.c */,
				4DCE2CD11A2E124800A1F5F8 /* input.h */,
				4DCE2CD21A2E124800A1F5F8 /* itab.c */,
				4DCE2CD31A2E124800A1F5F8 /* itab.h */,
				4DCE2CD41A2E124800A1F5F8 /* syn-att.c */,
				4DCE2CD51A2E124800A1F5F8 /* syn-intel.c */,
				4DCE2CD61A2E124800A1F5F8 /* syn.c */,
				4DCE2CD71A2E124800A1F5F8 /* syn.h */,
				4DCE2CD81A2E124800A1F5F8 /* types.h */,
				4DCE2CD91A2E124800A1F5F8 /* udint.h */,
				4DCE2CDA1A2E124800A1F5F8 /* udis86.c */,
				4DCE2CDB1A2E124800A1F5F8 /* udis86.h */,
			);
			path = libudis86;
			sourceTree = "<group>";
		};
		4DDE7A5D1A2E11360037056A = {
			isa = PBXGroup;
			children = (
				4DCE2CEE1A2E1F5800A1F5F8 /* OpenGL.framework */,
				4DDE7A681A2E11360037056A /* OpenGLFileLogger */,
				4DDE7A671A2E11360037056A /* Products */,
			);
			sourceTree = "<group>";
		};
		4DDE7A671A2E11360037056A /* Products */ = {
			isa = PBXGroup;
			children = (
				4DDE7A661A2E11360037056A /* OpenGLFileLogger.bundle */,
				4DA37A891A50932000B3EB2B /* Generator */,
			);
			name = Products;
			sourceTree = "<group>";
		};
		4DDE7A681A2E11360037056A /* OpenGLFileLogger */ = {
			isa = PBXGroup;
			children = (
				4DCE2CCC1A2E124800A1F5F8 /* libudis86 */,
				4DCE2CDC1A2E124800A1F5F8 /* Loader.cpp */,
				4DB094541A509801005872DE /* OpenGLOverrider.cpp */,
				4DCE2CDD1A2E124800A1F5F8 /* mach_override.c */,
				4DCE2CDE1A2E124800A1F5F8 /* mach_override.h */,
				4DCE2CEB1A2E138000A1F5F8 /* Generator.cpp */,
				4DDE7A691A2E11360037056A /* Supporting Files */,
			);
			path = OpenGLFileLogger;
			sourceTree = "<group>";
		};
		4DDE7A691A2E11360037056A /* Supporting Files */ = {
			isa = PBXGroup;
			children = (
				4DDE7A6A1A2E11360037056A /* Info.plist */,
			);
			name = "Supporting Files";
			sourceTree = "<group>";
		};
/* End PBXGroup section */

/* Begin PBXNativeTarget section */
		4DA37A881A50932000B3EB2B /* Generator */ = {
			isa = PBXNativeTarget;
			buildConfigurationList = 4DA37A8F1A50932000B3EB2B /* Build configuration list for PBXNativeTarget "Generator" */;
			buildPhases = (
				4DA37A851A50932000B3EB2B /* Sources */,
				4DA37A861A50932000B3EB2B /* Frameworks */,
				4DA37A871A50932000B3EB2B /* CopyFiles */,
			);
			buildRules = (
			);
			dependencies = (
			);
			name = Generator;
			productName = Generator;
			productReference = 4DA37A891A50932000B3EB2B /* Generator */;
			productType = "com.apple.product-type.tool";
		};
		4DDE7A651A2E11360037056A /* OpenGLFileLogger */ = {
			isa = PBXNativeTarget;
			buildConfigurationList = 4DDE7A6D1A2E11360037056A /* Build configuration list for PBXNativeTarget "OpenGLFileLogger" */;
			buildPhases = (
				4DDE7A621A2E11360037056A /* Sources */,
				4DDE7A631A2E11360037056A /* Frameworks */,
				4DDE7A641A2E11360037056A /* Resources */,
			);
			buildRules = (
			);
			dependencies = (
			);
			name = OpenGLFileLogger;
			productName = OpenGLFileLogger;
			productReference = 4DDE7A661A2E11360037056A /* OpenGLFileLogger.bundle */;
			productType = "com.apple.product-type.bundle";
		};
/* End PBXNativeTarget section */

/* Begin PBXProject section */
		4DDE7A5E1A2E11360037056A /* Project object */ = {
			isa = PBXProject;
			attributes = {
				LastUpgradeCheck = 0610;
				ORGANIZATIONNAME = "Alex Turner";
				TargetAttributes = {
					4DA37A881A50932000B3EB2B = {
						CreatedOnToolsVersion = 6.1.1;
					};
					4DDE7A651A2E11360037056A = {
						CreatedOnToolsVersion = 6.1;
					};
				};
			};
			buildConfigurationList = 4DDE7A611A2E11360037056A /* Build configuration list for PBXProject "OpenGLFileLogger" */;
			compatibilityVersion = "Xcode 3.2";
			developmentRegion = English;
			hasScannedForEncodings = 0;
			knownRegions = (
				en,
			);
			mainGroup = 4DDE7A5D1A2E11360037056A;
			productRefGroup = 4DDE7A671A2E11360037056A /* Products */;
			projectDirPath = "";
			projectRoot = "";
			targets = (
				4DDE7A651A2E11360037056A /* OpenGLFileLogger */,
				4DA37A881A50932000B3EB2B /* Generator */,
			);
		};
/* End PBXProject section */

/* Begin PBXResourcesBuildPhase section */
		4DDE7A641A2E11360037056A /* Resources */ = {
			isa = PBXResourcesBuildPhase;
			buildActionMask = 2147483647;
			files = (
			);
			runOnlyForDeploymentPostprocessing = 0;
		};
/* End PBXResourcesBuildPhase section */

/* Begin PBXSourcesBuildPhase section */
		4DA37A851A50932000B3EB2B /* Sources */ = {
			isa = PBXSourcesBuildPhase;
			buildActionMask = 2147483647;
			files = (
				4DA37A901A50932E00B3EB2B /* Generator.cpp in Sources */,
			);
			runOnlyForDeploymentPostprocessing = 0;
		};
		4DDE7A621A2E11360037056A /* Sources */ = {
			isa = PBXSourcesBuildPhase;
			buildActionMask = 2147483647;
			files = (
				4DCE2CE91A2E124800A1F5F8 /* mach_override.c in Sources */,
				4DCE2CE71A2E124800A1F5F8 /* udis86.c in Sources */,
				4DCE2CE61A2E124800A1F5F8 /* syn.c in Sources */,
				4DCE2CE81A2E124800A1F5F8 /* Loader.cpp in Sources */,
				4DCE2CE51A2E124800A1F5F8 /* syn-intel.c in Sources */,
				4DCE2CE21A2E124800A1F5F8 /* input.c in Sources */,
				4DB094551A509801005872DE /* OpenGLOverrider.cpp in Sources */,
				4DCE2CE31A2E124800A1F5F8 /* itab.c in Sources */,
				4DCE2CE41A2E124800A1F5F8 /* syn-att.c in Sources */,
				4DCE2CE11A2E124800A1F5F8 /* decode.c in Sources */,
			);
			runOnlyForDeploymentPostprocessing = 0;
		};
/* End PBXSourcesBuildPhase section */

/* Begin XCBuildConfiguration section */
		4DA37A8D1A50932000B3EB2B /* Debug */ = {
			isa = XCBuildConfiguration;
			buildSettings = {
				ARCHS = "$(ARCHS_STANDARD)";
				GCC_PREPROCESSOR_DEFINITIONS = (
					"DEBUG=1",
					"$(inherited)",
				);
				PRODUCT_NAME = "$(TARGET_NAME)";
			};
			name = Debug;
		};
		4DA37A8E1A50932000B3EB2B /* Release */ = {
			isa = XCBuildConfiguration;
			buildSettings = {
				ARCHS = "$(ARCHS_STANDARD)";
				PRODUCT_NAME = "$(TARGET_NAME)";
			};
			name = Release;
		};
		4DDE7A6B1A2E11360037056A /* Debug */ = {
			isa = XCBuildConfiguration;
			buildSettings = {
				ALWAYS_SEARCH_USER_PATHS = NO;
				CLANG_CXX_LANGUAGE_STANDARD = "gnu++0x";
				CLANG_CXX_LIBRARY = "libc++";
				CLANG_ENABLE_MODULES = YES;
				CLANG_ENABLE_OBJC_ARC = YES;
				CLANG_WARN_BOOL_CONVERSION = YES;
				CLANG_WARN_CONSTANT_CONVERSION = YES;
				CLANG_WARN_DIRECT_OBJC_ISA_USAGE = YES_ERROR;
				CLANG_WARN_EMPTY_BODY = YES;
				CLANG_WARN_ENUM_CONVERSION = YES;
				CLANG_WARN_INT_CONVERSION = YES;
				CLANG_WARN_OBJC_ROOT_CLASS = YES_ERROR;
				CLANG_WARN_UNREACHABLE_CODE = YES;
				CLANG_WARN__DUPLICATE_METHOD_MATCH = YES;
				COPY_PHASE_STRIP = NO;
				ENABLE_STRICT_OBJC_MSGSEND = YES;
				GCC_C_LANGUAGE_STANDARD = gnu99;
				GCC_DYNAMIC_NO_PIC = NO;
				GCC_OPTIMIZATION_LEVEL = 0;
				GCC_PREPROCESSOR_DEFINITIONS = (
					"DEBUG=1",
					"$(inherited)",
				);
				GCC_SYMBOLS_PRIVATE_EXTERN = NO;
				GCC_WARN_64_TO_32_BIT_CONVERSION = YES;
				GCC_WARN_ABOUT_RETURN_TYPE = YES_ERROR;
				GCC_WARN_UNDECLARED_SELECTOR = YES;
				GCC_WARN_UNINITIALIZED_AUTOS = YES_AGGRESSIVE;
				GCC_WARN_UNUSED_FUNCTION = YES;
				GCC_WARN_UNUSED_VARIABLE = YES;
				MACOSX_DEPLOYMENT_TARGET = 10.10;
				MTL_ENABLE_DEBUG_INFO = YES;
				ONLY_ACTIVE_ARCH = YES;
				SDKROOT = macosx;
			};
			name = Debug;
		};
		4DDE7A6C1A2E11360037056A /* Release */ = {
			isa = XCBuildConfiguration;
			buildSettings = {
				ALWAYS_SEARCH_USER_PATHS = NO;
				CLANG_CXX_LANGUAGE_STANDARD = "gnu++0x";
				CLANG_CXX_LIBRARY = "libc++";
				CLANG_ENABLE_MODULES = YES;
				CLANG_ENABLE_OBJC_ARC = YES;
				CLANG_WARN_BOOL_CONVERSION = YES;
				CLANG_WARN_CONSTANT_CONVERSION = YES;
				CLANG_WARN_DIRECT_OBJC_ISA_USAGE = YES_ERROR;
				CLANG_WARN_EMPTY_BODY = YES;
				CLANG_WARN_ENUM_CONVERSION = YES;
				CLANG_WARN_INT_CONVERSION = YES;
				CLANG_WARN_OBJC_ROOT_CLASS = YES_ERROR;
				CLANG_WARN_UNREACHABLE_CODE = YES;
				CLANG_WARN__DUPLICATE_METHOD_MATCH = YES;
				COPY_PHASE_STRIP = YES;
				DEBUG_INFORMATION_FORMAT = "dwarf-with-dsym";
				ENABLE_NS_ASSERTIONS = NO;
				ENABLE_STRICT_OBJC_MSGSEND = YES;
				GCC_C_LANGUAGE_STANDARD = gnu99;
				GCC_WARN_64_TO_32_BIT_CONVERSION = YES;
				GCC_WARN_ABOUT_RETURN_TYPE = YES_ERROR;
				GCC_WARN_UNDECLARED_SELECTOR = YES;
				GCC_WARN_UNINITIALIZED_AUTOS = YES_AGGRESSIVE;
				GCC_WARN_UNUSED_FUNCTION = YES;
				GCC_WARN_UNUSED_VARIABLE = YES;
				MACOSX_DEPLOYMENT_TARGET = 10.10;
				MTL_ENABLE_DEBUG_INFO = NO;
				SDKROOT = macosx;
			};
			name = Release;
		};
		4DDE7A6E1A2E11360037056A /* Debug */ = {
			isa = XCBuildConfiguration;
			buildSettings = {
				ARCHS = "$(ARCHS_STANDARD_32_64_BIT)";
				CLANG_ENABLE_OBJC_ARC = NO;
				COMBINE_HIDPI_IMAGES = YES;
				HEADER_SEARCH_PATHS = (
					"$(inherited)",
					/Applications/Xcode.app/Contents/Developer/Toolchains/XcodeDefault.xctoolchain/usr/include,
					"\"$(SRCROOT)/../OpenGLFileLoggerHelper/OpenGLFileLoggerHelper\"",
				);
				INFOPLIST_FILE = OpenGLFileLogger/Info.plist;
				INSTALL_PATH = "$(LOCAL_LIBRARY_DIR)/Bundles";
				ONLY_ACTIVE_ARCH = NO;
				PRODUCT_NAME = "$(TARGET_NAME)";
				SKIP_INSTALL = YES;
				WRAPPER_EXTENSION = bundle;
			};
			name = Debug;
		};
		4DDE7A6F1A2E11360037056A /* Release */ = {
			isa = XCBuildConfiguration;
			buildSettings = {
				ARCHS = "$(ARCHS_STANDARD_32_64_BIT)";
				CLANG_ENABLE_OBJC_ARC = NO;
				COMBINE_HIDPI_IMAGES = YES;
				HEADER_SEARCH_PATHS = (
					"$(inherited)",
					/Applications/Xcode.app/Contents/Developer/Toolchains/XcodeDefault.xctoolchain/usr/include,
					"\"$(SRCROOT)/../OpenGLFileLoggerHelper/OpenGLFileLoggerHelper\"",
				);
				INFOPLIST_FILE = OpenGLFileLogger/Info.plist;
				INSTALL_PATH = "$(LOCAL_LIBRARY_DIR)/Bundles";
				PRODUCT_NAME = "$(TARGET_NAME)";
				SKIP_INSTALL = YES;
				WRAPPER_EXTENSION = bundle;
			};
			name = Release;
		};
/* End XCBuildConfiguration section */

/* Begin XCConfigurationList section */
		4DA37A8F1A50932000B3EB2B /* Build configuration list for PBXNativeTarget "Generator" */ = {
			isa = XCConfigurationList;
			buildConfigurations = (
				4DA37A8D1A50932000B3EB2B /* Debug */,
				4DA37A8E1A50932000B3EB2B /* Release */,
			);
			defaultConfigurationIsVisible = 0;
			defaultConfigurationName = Release;
		};
		4DDE7A611A2E11360037056A /* Build configuration list for PBXProject "OpenGLFileLogger" */ = {
			isa = XCConfigurationList;
			buildConfigurations = (
				4DDE7A6B1A2E11360037056A /* Debug */,
				4DDE7A6C1A2E11360037056A /* Release */,
			);
			defaultConfigurationIsVisible = 0;
			defaultConfigurationName = Release;
		};
		4DDE7A6D1A2E11360037056A /* Build configuration list for PBXNativeTarget "OpenGLFileLogger" */ = {
			isa = XCConfigurationList;
			buildConfigurations = (
				4DDE7A6E1A2E11360037056A /* Debug */,
				4DDE7A6F1A2E11360037056A /* Release */,
			);
			defaultConfigurationIsVisible = 0;
			defaultConfigurationName = Release;
		};
/* End XCConfigurationList section */
	};
	rootObject = 4DDE7A5E1A2E11360037056A /* Project object */;
}
