// !$*UTF8*$!
{
	archiveVersion = 1;
	classes = {
	};
	objectVersion = 46;
	objects = {

/* Begin PBXBuildFile section */
		4DB094581A50A76F005872DE /* mach_override.c in Sources */ = {isa = PBXBuildFile; fileRef = 4DB094561A50A76F005872DE /* mach_override.c */; };
		4DB0945B1A50A780005872DE /* Loader.cpp in Sources */ = {isa = PBXBuildFile; fileRef = 4DB094591A50A780005872DE /* Loader.cpp */; };
		4DB0945C1A50A780005872DE /* OpenGLOverrider.cpp in Sources */ = {isa = PBXBuildFile; fileRef = 4DB0945A1A50A780005872DE /* OpenGLOverrider.cpp */; };
/* End PBXBuildFile section */

/* Begin PBXFileReference section */
		4DAF72F91A2F7C1600DF7137 /* StarCraft2API.bundle */ = {isa = PBXFileReference; explicitFileType = wrapper.cfbundle; includeInIndex = 0; path = StarCraft2API.bundle; sourceTree = BUILT_PRODUCTS_DIR; };
		4DAF72FD1A2F7C1600DF7137 /* Info.plist */ = {isa = PBXFileReference; lastKnownFileType = text.plist.xml; path = Info.plist; sourceTree = "<group>"; };
		4DB094561A50A76F005872DE /* mach_override.c */ = {isa = PBXFileReference; fileEncoding = 4; lastKnownFileType = sourcecode.c.c; name = mach_override.c; path = ../../OpenGLFileLogger/OpenGLFileLogger/mach_override.c; sourceTree = "<group>"; };
		4DB094571A50A76F005872DE /* mach_override.h */ = {isa = PBXFileReference; fileEncoding = 4; lastKnownFileType = sourcecode.c.h; name = mach_override.h; path = ../../OpenGLFileLogger/OpenGLFileLogger/mach_override.h; sourceTree = "<group>"; };
		4DB094591A50A780005872DE /* Loader.cpp */ = {isa = PBXFileReference; fileEncoding = 4; lastKnownFileType = sourcecode.cpp.cpp; path = Loader.cpp; sourceTree = "<group>"; };
		4DB0945A1A50A780005872DE /* OpenGLOverrider.cpp */ = {isa = PBXFileReference; fileEncoding = 4; lastKnownFileType = sourcecode.cpp.cpp; path = OpenGLOverrider.cpp; sourceTree = "<group>"; };
/* End PBXFileReference section */

/* Begin PBXFrameworksBuildPhase section */
		4DAF72F61A2F7C1600DF7137 /* Frameworks */ = {
			isa = PBXFrameworksBuildPhase;
			buildActionMask = 2147483647;
			files = (
			);
			runOnlyForDeploymentPostprocessing = 0;
		};
/* End PBXFrameworksBuildPhase section */

/* Begin PBXGroup section */
		4DAF72F01A2F7C1600DF7137 = {
			isa = PBXGroup;
			children = (
				4DAF72FB1A2F7C1600DF7137 /* StarCraft2API */,
				4DAF72FA1A2F7C1600DF7137 /* Products */,
			);
			sourceTree = "<group>";
		};
		4DAF72FA1A2F7C1600DF7137 /* Products */ = {
			isa = PBXGroup;
			children = (
				4DAF72F91A2F7C1600DF7137 /* StarCraft2API.bundle */,
			);
			name = Products;
			sourceTree = "<group>";
		};
		4DAF72FB1A2F7C1600DF7137 /* StarCraft2API */ = {
			isa = PBXGroup;
			children = (
				4DB094591A50A780005872DE /* Loader.cpp */,
				4DB0945A1A50A780005872DE /* OpenGLOverrider.cpp */,
				4DB094561A50A76F005872DE /* mach_override.c */,
				4DB094571A50A76F005872DE /* mach_override.h */,
				4DAF72FC1A2F7C1600DF7137 /* Supporting Files */,
			);
			path = StarCraft2API;
			sourceTree = "<group>";
		};
		4DAF72FC1A2F7C1600DF7137 /* Supporting Files */ = {
			isa = PBXGroup;
			children = (
				4DAF72FD1A2F7C1600DF7137 /* Info.plist */,
			);
			name = "Supporting Files";
			sourceTree = "<group>";
		};
/* End PBXGroup section */

/* Begin PBXNativeTarget section */
		4DAF72F81A2F7C1600DF7137 /* StarCraft2API */ = {
			isa = PBXNativeTarget;
			buildConfigurationList = 4DAF73001A2F7C1600DF7137 /* Build configuration list for PBXNativeTarget "StarCraft2API" */;
			buildPhases = (
				4DAF72F51A2F7C1600DF7137 /* Sources */,
				4DAF72F61A2F7C1600DF7137 /* Frameworks */,
				4DAF72F71A2F7C1600DF7137 /* Resources */,
			);
			buildRules = (
			);
			dependencies = (
			);
			name = StarCraft2API;
			productName = StarCraft2API;
			productReference = 4DAF72F91A2F7C1600DF7137 /* StarCraft2API.bundle */;
			productType = "com.apple.product-type.bundle";
		};
/* End PBXNativeTarget section */

/* Begin PBXProject section */
		4DAF72F11A2F7C1600DF7137 /* Project object */ = {
			isa = PBXProject;
			attributes = {
				LastUpgradeCheck = 0610;
				ORGANIZATIONNAME = "Alex Turner";
				TargetAttributes = {
					4DAF72F81A2F7C1600DF7137 = {
						CreatedOnToolsVersion = 6.1;
					};
				};
			};
			buildConfigurationList = 4DAF72F41A2F7C1600DF7137 /* Build configuration list for PBXProject "StarCraft2API" */;
			compatibilityVersion = "Xcode 3.2";
			developmentRegion = English;
			hasScannedForEncodings = 0;
			knownRegions = (
				en,
			);
			mainGroup = 4DAF72F01A2F7C1600DF7137;
			productRefGroup = 4DAF72FA1A2F7C1600DF7137 /* Products */;
			projectDirPath = "";
			projectRoot = "";
			targets = (
				4DAF72F81A2F7C1600DF7137 /* StarCraft2API */,
			);
		};
/* End PBXProject section */

/* Begin PBXResourcesBuildPhase section */
		4DAF72F71A2F7C1600DF7137 /* Resources */ = {
			isa = PBXResourcesBuildPhase;
			buildActionMask = 2147483647;
			files = (
			);
			runOnlyForDeploymentPostprocessing = 0;
		};
/* End PBXResourcesBuildPhase section */

/* Begin PBXSourcesBuildPhase section */
		4DAF72F51A2F7C1600DF7137 /* Sources */ = {
			isa = PBXSourcesBuildPhase;
			buildActionMask = 2147483647;
			files = (
				4DB0945B1A50A780005872DE /* Loader.cpp in Sources */,
				4DB0945C1A50A780005872DE /* OpenGLOverrider.cpp in Sources */,
				4DB094581A50A76F005872DE /* mach_override.c in Sources */,
			);
			runOnlyForDeploymentPostprocessing = 0;
		};
/* End PBXSourcesBuildPhase section */

/* Begin XCBuildConfiguration section */
		4DAF72FE1A2F7C1600DF7137 /* Debug */ = {
			isa = XCBuildConfiguration;
			buildSettings = {
				ALWAYS_SEARCH_USER_PATHS = NO;
				CLANG_CXX_LANGUAGE_STANDARD = "gnu++0x";
				CLANG_CXX_LIBRARY = "libc++";
				CLANG_ENABLE_MODULES = YES;
				CLANG_ENABLE_OBJC_ARC = YES;
				CLANG_WARN_BOOL_CONVERSION = YES;
				CLANG_WARN_CONSTANT_CONVERSION = YES;
				CLANG_WARN_DIRECT_OBJC_ISA_USAGE = YES_ERROR;
				CLANG_WARN_EMPTY_BODY = YES;
				CLANG_WARN_ENUM_CONVERSION = YES;
				CLANG_WARN_INT_CONVERSION = YES;
				CLANG_WARN_OBJC_ROOT_CLASS = YES_ERROR;
				CLANG_WARN_UNREACHABLE_CODE = YES;
				CLANG_WARN__DUPLICATE_METHOD_MATCH = YES;
				COPY_PHASE_STRIP = NO;
				ENABLE_STRICT_OBJC_MSGSEND = YES;
				GCC_C_LANGUAGE_STANDARD = gnu99;
				GCC_DYNAMIC_NO_PIC = NO;
				GCC_OPTIMIZATION_LEVEL = 0;
				GCC_PREPROCESSOR_DEFINITIONS = (
					"DEBUG=1",
					"$(inherited)",
				);
				GCC_SYMBOLS_PRIVATE_EXTERN = NO;
				GCC_WARN_64_TO_32_BIT_CONVERSION = YES;
				GCC_WARN_ABOUT_RETURN_TYPE = YES_ERROR;
				GCC_WARN_UNDECLARED_SELECTOR = YES;
				GCC_WARN_UNINITIALIZED_AUTOS = YES_AGGRESSIVE;
				GCC_WARN_UNUSED_FUNCTION = YES;
				GCC_WARN_UNUSED_VARIABLE = YES;
				MACOSX_DEPLOYMENT_TARGET = 10.10;
				MTL_ENABLE_DEBUG_INFO = YES;
				ONLY_ACTIVE_ARCH = YES;
				SDKROOT = macosx;
			};
			name = Debug;
		};
		4DAF72FF1A2F7C1600DF7137 /* Release */ = {
			isa = XCBuildConfiguration;
			buildSettings = {
				ALWAYS_SEARCH_USER_PATHS = NO;
				CLANG_CXX_LANGUAGE_STANDARD = "gnu++0x";
				CLANG_CXX_LIBRARY = "libc++";
				CLANG_ENABLE_MODULES = YES;
				CLANG_ENABLE_OBJC_ARC = YES;
				CLANG_WARN_BOOL_CONVERSION = YES;
				CLANG_WARN_CONSTANT_CONVERSION = YES;
				CLANG_WARN_DIRECT_OBJC_ISA_USAGE = YES_ERROR;
				CLANG_WARN_EMPTY_BODY = YES;
				CLANG_WARN_ENUM_CONVERSION = YES;
				CLANG_WARN_INT_CONVERSION = YES;
				CLANG_WARN_OBJC_ROOT_CLASS = YES_ERROR;
				CLANG_WARN_UNREACHABLE_CODE = YES;
				CLANG_WARN__DUPLICATE_METHOD_MATCH = YES;
				COPY_PHASE_STRIP = YES;
				DEBUG_INFORMATION_FORMAT = "dwarf-with-dsym";
				ENABLE_NS_ASSERTIONS = NO;
				ENABLE_STRICT_OBJC_MSGSEND = YES;
				GCC_C_LANGUAGE_STANDARD = gnu99;
				GCC_WARN_64_TO_32_BIT_CONVERSION = YES;
				GCC_WARN_ABOUT_RETURN_TYPE = YES_ERROR;
				GCC_WARN_UNDECLARED_SELECTOR = YES;
				GCC_WARN_UNINITIALIZED_AUTOS = YES_AGGRESSIVE;
				GCC_WARN_UNUSED_FUNCTION = YES;
				GCC_WARN_UNUSED_VARIABLE = YES;
				MACOSX_DEPLOYMENT_TARGET = 10.10;
				MTL_ENABLE_DEBUG_INFO = NO;
				SDKROOT = macosx;
			};
			name = Release;
		};
		4DAF73011A2F7C1600DF7137 /* Debug */ = {
			isa = XCBuildConfiguration;
			buildSettings = {
				COMBINE_HIDPI_IMAGES = YES;
				INFOPLIST_FILE = StarCraft2API/Info.plist;
				INSTALL_PATH = "$(LOCAL_LIBRARY_DIR)/Bundles";
				PRODUCT_NAME = "$(TARGET_NAME)";
				SKIP_INSTALL = YES;
				WRAPPER_EXTENSION = bundle;
			};
			name = Debug;
		};
		4DAF73021A2F7C1600DF7137 /* Release */ = {
			isa = XCBuildConfiguration;
			buildSettings = {
				COMBINE_HIDPI_IMAGES = YES;
				INFOPLIST_FILE = StarCraft2API/Info.plist;
				INSTALL_PATH = "$(LOCAL_LIBRARY_DIR)/Bundles";
				PRODUCT_NAME = "$(TARGET_NAME)";
				SKIP_INSTALL = YES;
				WRAPPER_EXTENSION = bundle;
			};
			name = Release;
		};
/* End XCBuildConfiguration section */

/* Begin XCConfigurationList section */
		4DAF72F41A2F7C1600DF7137 /* Build configuration list for PBXProject "StarCraft2API" */ = {
			isa = XCConfigurationList;
			buildConfigurations = (
				4DAF72FE1A2F7C1600DF7137 /* Debug */,
				4DAF72FF1A2F7C1600DF7137 /* Release */,
			);
			defaultConfigurationIsVisible = 0;
			defaultConfigurationName = Release;
		};
		4DAF73001A2F7C1600DF7137 /* Build configuration list for PBXNativeTarget "StarCraft2API" */ = {
			isa = XCConfigurationList;
			buildConfigurations = (
				4DAF73011A2F7C1600DF7137 /* Debug */,
				4DAF73021A2F7C1600DF7137 /* Release */,
			);
			defaultConfigurationIsVisible = 0;
			defaultConfigurationName = Release;
		};
/* End XCConfigurationList section */
	};
	rootObject = 4DAF72F11A2F7C1600DF7137 /* Project object */;
}
